
Microsoft Visual Studio Solution File, Format Version 12.00
# Visual Studio Version 16
VisualStudioVersion = 16.0.31702.126
MinimumVisualStudioVersion = 10.0.40219.1
Project("{9A19103F-16F7-4668-BE54-9A1E7A4F7556}") = "Demo02_WebAPI", "Demo02_WebAPI\Demo02_WebAPI.csproj", "{1F426ECE-18AB-44F9-B8D4-DB4DA0DADD8E}"
EndProject
Project("{FAE04EC0-301F-11D3-BF4B-00C04F79EFBC}") = "Demo02_WebAPI.DAL", "Demo02_WebAPI.DAL\Demo02_WebAPI.DAL.csproj", "{99758CED-EECF-4F6B-AE1A-699196128682}"
EndProject
Global
	GlobalSection(SolutionConfigurationPlatforms) = preSolution
		Debug|Any CPU = Debug|Any CPU
		Release|Any CPU = Release|Any CPU
	EndGlobalSection
	GlobalSection(ProjectConfigurationPlatforms) = postSolution
		{1F426ECE-18AB-44F9-B8D4-DB4DA0DADD8E}.Debug|Any CPU.ActiveCfg = Debug|Any CPU
		{1F426ECE-18AB-44F9-B8D4-DB4DA0DADD8E}.Debug|Any CPU.Build.0 = Debug|Any CPU
		{1F426ECE-18AB-44F9-B8D4-DB4DA0DADD8E}.Release|Any CPU.ActiveCfg = Release|Any CPU
		{1F426ECE-18AB-44F9-B8D4-DB4DA0DADD8E}.Release|Any CPU.Build.0 = Release|Any CPU
		{99758CED-EECF-4F6B-AE1A-699196128682}.Debug|Any CPU.ActiveCfg = Debug|Any CPU
		{99758CED-EECF-4F6B-AE1A-699196128682}.Debug|Any CPU.Build.0 = Debug|Any CPU
		{99758CED-EECF-4F6B-AE1A-699196128682}.Release|Any CPU.ActiveCfg = Release|Any CPU
		{99758CED-EECF-4F6B-AE1A-699196128682}.Release|Any CPU.Build.0 = Release|Any CPU
	EndGlobalSection
	GlobalSection(SolutionProperties) = preSolution
		HideSolutionNode = FALSE
	EndGlobalSection
	GlobalSection(ExtensibilityGlobals) = postSolution
		SolutionGuid = {F4FC8D82-1CD2-4583-80B1-20AA4F4CD11E}
	EndGlobalSection
EndGlobal
